PODS:
  - AZSClient (0.2.6)
  - Charts (4.1.0):
    - Charts/Core (= 4.1.0)
  - Charts/Core (4.1.0):
    - SwiftAlgorithms (~> 1.0)
  - SwiftAlgorithms (1.0.0)
  - TinyConstraints (4.0.2)

DEPENDENCIES:
  - AZSClient
  - Charts
  - TinyConstraints

SPEC REPOS:
  trunk:
    - AZSClient
    - Charts
    - SwiftAlgorithms
    - TinyConstraints

SPEC CHECKSUMS:
  AZSClient: efd576cabf56f97e38cb1b614739f4b0c1906392
  Charts: 354f86803d11d9c35de280587fef50d1af063978
  SwiftAlgorithms: 38dda4731d19027fdeee1125f973111bf3386b53
  TinyConstraints: 7b7ccc0c485bb3bb47082138ff28bc33cd49897f

PODFILE CHECKSUM: e16ccd4587bee6e9afe2ec6a03071b26a42dc1a0

COCOAPODS: 1.12.0
