// !$*UTF8*$!
{
	archiveVersion = 1;
	classes = {
	};
	objectVersion = 55;
	objects = {

/* Begin PBXBuildFile section */
		77B3C77ED97EA0DF32C8CB76 /* Pods_BLE_WPLANTTests.framework in Frameworks */ = {isa = PBXBuildFile; fileRef = 290D946E05914FE163B62D89 /* Pods_BLE_WPLANTTests.framework */; };
		B3ED719A9732B0CAC9D4948D /* Pods_BLE_WPLANT_BLE_WPLANTUITests.framework in Frameworks */ = {isa = PBXBuildFile; fileRef = 3F3ED2655B0DC0FC0F8E3A47 /* Pods_BLE_WPLANT_BLE_WPLANTUITests.framework */; };
		D03D000729D0E72F009ACA5D /* CusomTableViewCell.swift in Sources */ = {isa = PBXBuildFile; fileRef = D03D000629D0E72F009ACA5D /* CusomTableViewCell.swift */; };
		D03D000929D8AA7B009ACA5D /* temperatura_ViewController.swift in Sources */ = {isa = PBXBuildFile; fileRef = D03D000829D8AA7B009ACA5D /* temperatura_ViewController.swift */; };
		D03D000B29D8ABDA009ACA5D /* vlaga_ViewController.swift in Sources */ = {isa = PBXBuildFile; fileRef = D03D000A29D8ABDA009ACA5D /* vlaga_ViewController.swift */; };
		D03D000D29D8ABEE009ACA5D /* dim_ViewController.swift in Sources */ = {isa = PBXBuildFile; fileRef = D03D000C29D8ABEE009ACA5D /* dim_ViewController.swift */; };
		D03D000F29D8ABFF009ACA5D /* osvijetljenje_ViewController.swift in Sources */ = {isa = PBXBuildFile; fileRef = D03D000E29D8ABFF009ACA5D /* osvijetljenje_ViewController.swift */; };
		D03D001129D8AC0F009ACA5D /* vlaznost_ViewController.swift in Sources */ = {isa = PBXBuildFile; fileRef = D03D001029D8AC0F009ACA5D /* vlaznost_ViewController.swift */; };
		D03D001329D8AC2A009ACA5D /* hoc_ViewController.swift in Sources */ = {isa = PBXBuildFile; fileRef = D03D001229D8AC2A009ACA5D /* hoc_ViewController.swift */; };
		D03D001529D8AD49009ACA5D /* sumpor_ViewController.swift in Sources */ = {isa = PBXBuildFile; fileRef = D03D001429D8AD49009ACA5D /* sumpor_ViewController.swift */; };
		D03D001729D8AD55009ACA5D /* tlak_ViewController.swift in Sources */ = {isa = PBXBuildFile; fileRef = D03D001629D8AD55009ACA5D /* tlak_ViewController.swift */; };
		D03D001929D8AD68009ACA5D /* benzen_ViewController.swift in Sources */ = {isa = PBXBuildFile; fileRef = D03D001829D8AD68009ACA5D /* benzen_ViewController.swift */; };
		D03D001B29D8AD79009ACA5D /* pm25_ViewController.swift in Sources */ = {isa = PBXBuildFile; fileRef = D03D001A29D8AD79009ACA5D /* pm25_ViewController.swift */; };
		D03D001D29D8AD88009ACA5D /* ch4_ViewController.swift in Sources */ = {isa = PBXBuildFile; fileRef = D03D001C29D8AD88009ACA5D /* ch4_ViewController.swift */; };
		D03D001F29D8AD9A009ACA5D /* lpg_ViewController.swift in Sources */ = {isa = PBXBuildFile; fileRef = D03D001E29D8AD9A009ACA5D /* lpg_ViewController.swift */; };
		D03D002129D8ADA9009ACA5D /* nh3_ViewController.swift in Sources */ = {isa = PBXBuildFile; fileRef = D03D002029D8ADA9009ACA5D /* nh3_ViewController.swift */; };
		D03D002329D8ADB9009ACA5D /* co2_ViewController.swift in Sources */ = {isa = PBXBuildFile; fileRef = D03D002229D8ADB9009ACA5D /* co2_ViewController.swift */; };
		D03D002529D8ADD1009ACA5D /* o3_ViewController.swift in Sources */ = {isa = PBXBuildFile; fileRef = D03D002429D8ADD1009ACA5D /* o3_ViewController.swift */; };
		D03D002729D8AF54009ACA5D /* co_ViewController.swift in Sources */ = {isa = PBXBuildFile; fileRef = D03D002629D8AF54009ACA5D /* co_ViewController.swift */; };
		D0F58DA02974742200433FC6 /* PlotViewController.swift in Sources */ = {isa = PBXBuildFile; fileRef = D0F58D9F2974742200433FC6 /* PlotViewController.swift */; };
		D0F58DA229747FA700433FC6 /* AllDataViewController.swift in Sources */ = {isa = PBXBuildFile; fileRef = D0F58DA129747FA700433FC6 /* AllDataViewController.swift */; };
		EFA092D5FC97FCDA34A37C5A /* Pods_BLE_WPLANT.framework in Frameworks */ = {isa = PBXBuildFile; fileRef = 52E6278C260651E6DC885CD3 /* Pods_BLE_WPLANT.framework */; };
		FC3C0EE82805B2C000742F24 /* AppDelegate.swift in Sources */ = {isa = PBXBuildFile; fileRef = FC3C0EE72805B2C000742F24 /* AppDelegate.swift */; };
		FC3C0EEA2805B2C000742F24 /* SceneDelegate.swift in Sources */ = {isa = PBXBuildFile; fileRef = FC3C0EE92805B2C000742F24 /* SceneDelegate.swift */; };
		FC3C0EEC2805B2C000742F24 /* ViewController.swift in Sources */ = {isa = PBXBuildFile; fileRef = FC3C0EEB2805B2C000742F24 /* ViewController.swift */; };
		FC3C0EEF2805B2C000742F24 /* Main.storyboard in Resources */ = {isa = PBXBuildFile; fileRef = FC3C0EED2805B2C000742F24 /* Main.storyboard */; };
		FC3C0EF12805B2C100742F24 /* Assets.xcassets in Resources */ = {isa = PBXBuildFile; fileRef = FC3C0EF02805B2C100742F24 /* Assets.xcassets */; };
		FC3C0EF42805B2C100742F24 /* LaunchScreen.storyboard in Resources */ = {isa = PBXBuildFile; fileRef = FC3C0EF22805B2C100742F24 /* LaunchScreen.storyboard */; };
		FC3C0EFF2805B2C200742F24 /* watchpstoryboardTests.swift in Sources */ = {isa = PBXBuildFile; fileRef = FC3C0EFE2805B2C200742F24 /* watchpstoryboardTests.swift */; };
		FC3C0F092805B2C200742F24 /* watchpstoryboardUITests.swift in Sources */ = {isa = PBXBuildFile; fileRef = FC3C0F082805B2C200742F24 /* watchpstoryboardUITests.swift */; };
		FC3C0F0B2805B2C200742F24 /* watchpstoryboardUITestsLaunchTests.swift in Sources */ = {isa = PBXBuildFile; fileRef = FC3C0F0A2805B2C200742F24 /* watchpstoryboardUITestsLaunchTests.swift */; };
/* End PBXBuildFile section */

/* Begin PBXContainerItemProxy section */
		FC3C0EFB2805B2C200742F24 /* PBXContainerItemProxy */ = {
			isa = PBXContainerItemProxy;
			containerPortal = FC3C0EDC2805B2C000742F24 /* Project object */;
			proxyType = 1;
			remoteGlobalIDString = FC3C0EE32805B2C000742F24;
			remoteInfo = watchpstoryboard;
		};
		FC3C0F052805B2C200742F24 /* PBXContainerItemProxy */ = {
			isa = PBXContainerItemProxy;
			containerPortal = FC3C0EDC2805B2C000742F24 /* Project object */;
			proxyType = 1;
			remoteGlobalIDString = FC3C0EE32805B2C000742F24;
			remoteInfo = watchpstoryboard;
		};
/* End PBXContainerItemProxy section */

/* Begin PBXFileReference section */
		0674F6C84A31B927D7CC99A4 /* Pods-BLE WPLANT.release.xcconfig */ = {isa = PBXFileReference; includeInIndex = 1; lastKnownFileType = text.xcconfig; name = "Pods-BLE WPLANT.release.xcconfig"; path = "Target Support Files/Pods-BLE WPLANT/Pods-BLE WPLANT.release.xcconfig"; sourceTree = "<group>"; };
		1C743CA240FDBF2CEBA83755 /* Pods-BLE WPLANT-BLE WPLANTUITests.release.xcconfig */ = {isa = PBXFileReference; includeInIndex = 1; lastKnownFileType = text.xcconfig; name = "Pods-BLE WPLANT-BLE WPLANTUITests.release.xcconfig"; path = "Target Support Files/Pods-BLE WPLANT-BLE WPLANTUITests/Pods-BLE WPLANT-BLE WPLANTUITests.release.xcconfig"; sourceTree = "<group>"; };
		290D946E05914FE163B62D89 /* Pods_BLE_WPLANTTests.framework */ = {isa = PBXFileReference; explicitFileType = wrapper.framework; includeInIndex = 0; path = Pods_BLE_WPLANTTests.framework; sourceTree = BUILT_PRODUCTS_DIR; };
		3F3ED2655B0DC0FC0F8E3A47 /* Pods_BLE_WPLANT_BLE_WPLANTUITests.framework */ = {isa = PBXFileReference; explicitFileType = wrapper.framework; includeInIndex = 0; path = Pods_BLE_WPLANT_BLE_WPLANTUITests.framework; sourceTree = BUILT_PRODUCTS_DIR; };
		52E6278C260651E6DC885CD3 /* Pods_BLE_WPLANT.framework */ = {isa = PBXFileReference; explicitFileType = wrapper.framework; includeInIndex = 0; path = Pods_BLE_WPLANT.framework; sourceTree = BUILT_PRODUCTS_DIR; };
		85A4A6BF2993C7E8EBF2FC5B /* Pods-BLE WPLANTTests.release.xcconfig */ = {isa = PBXFileReference; includeInIndex = 1; lastKnownFileType = text.xcconfig; name = "Pods-BLE WPLANTTests.release.xcconfig"; path = "Target Support Files/Pods-BLE WPLANTTests/Pods-BLE WPLANTTests.release.xcconfig"; sourceTree = "<group>"; };
		A0EA935906C29441557B2ADE /* Pods-BLE WPLANT-BLE WPLANTUITests.debug.xcconfig */ = {isa = PBXFileReference; includeInIndex = 1; lastKnownFileType = text.xcconfig; name = "Pods-BLE WPLANT-BLE WPLANTUITests.debug.xcconfig"; path = "Target Support Files/Pods-BLE WPLANT-BLE WPLANTUITests/Pods-BLE WPLANT-BLE WPLANTUITests.debug.xcconfig"; sourceTree = "<group>"; };
		BE483BA50414700AA93ADB83 /* Pods-BLE WPLANT.debug.xcconfig */ = {isa = PBXFileReference; includeInIndex = 1; lastKnownFileType = text.xcconfig; name = "Pods-BLE WPLANT.debug.xcconfig"; path = "Target Support Files/Pods-BLE WPLANT/Pods-BLE WPLANT.debug.xcconfig"; sourceTree = "<group>"; };
		CA4C2E8A74B10C838273CBF1 /* Pods-BLE WPLANTTests.debug.xcconfig */ = {isa = PBXFileReference; includeInIndex = 1; lastKnownFileType = text.xcconfig; name = "Pods-BLE WPLANTTests.debug.xcconfig"; path = "Target Support Files/Pods-BLE WPLANTTests/Pods-BLE WPLANTTests.debug.xcconfig"; sourceTree = "<group>"; };
		D03D000629D0E72F009ACA5D /* CusomTableViewCell.swift */ = {isa = PBXFileReference; lastKnownFileType = sourcecode.swift; path = CusomTableViewCell.swift; sourceTree = "<group>"; };
		D03D000829D8AA7B009ACA5D /* temperatura_ViewController.swift */ = {isa = PBXFileReference; lastKnownFileType = sourcecode.swift; path = temperatura_ViewController.swift; sourceTree = "<group>"; };
		D03D000A29D8ABDA009ACA5D /* vlaga_ViewController.swift */ = {isa = PBXFileReference; lastKnownFileType = sourcecode.swift; path = vlaga_ViewController.swift; sourceTree = "<group>"; };
		D03D000C29D8ABEE009ACA5D /* dim_ViewController.swift */ = {isa = PBXFileReference; lastKnownFileType = sourcecode.swift; path = dim_ViewController.swift; sourceTree = "<group>"; };
		D03D000E29D8ABFF009ACA5D /* osvijetljenje_ViewController.swift */ = {isa = PBXFileReference; lastKnownFileType = sourcecode.swift; path = osvijetljenje_ViewController.swift; sourceTree = "<group>"; };
		D03D001029D8AC0F009ACA5D /* vlaznost_ViewController.swift */ = {isa = PBXFileReference; lastKnownFileType = sourcecode.swift; path = vlaznost_ViewController.swift; sourceTree = "<group>"; };
		D03D001229D8AC2A009ACA5D /* hoc_ViewController.swift */ = {isa = PBXFileReference; lastKnownFileType = sourcecode.swift; path = hoc_ViewController.swift; sourceTree = "<group>"; };
		D03D001429D8AD49009ACA5D /* sumpor_ViewController.swift */ = {isa = PBXFileReference; lastKnownFileType = sourcecode.swift; path = sumpor_ViewController.swift; sourceTree = "<group>"; };
		D03D001629D8AD55009ACA5D /* tlak_ViewController.swift */ = {isa = PBXFileReference; lastKnownFileType = sourcecode.swift; path = tlak_ViewController.swift; sourceTree = "<group>"; };
		D03D001829D8AD68009ACA5D /* benzen_ViewController.swift */ = {isa = PBXFileReference; lastKnownFileType = sourcecode.swift; path = benzen_ViewController.swift; sourceTree = "<group>"; };
		D03D001A29D8AD79009ACA5D /* pm25_ViewController.swift */ = {isa = PBXFileReference; lastKnownFileType = sourcecode.swift; path = pm25_ViewController.swift; sourceTree = "<group>"; };
		D03D001C29D8AD88009ACA5D /* ch4_ViewController.swift */ = {isa = PBXFileReference; lastKnownFileType = sourcecode.swift; path = ch4_ViewController.swift; sourceTree = "<group>"; };
		D03D001E29D8AD9A009ACA5D /* lpg_ViewController.swift */ = {isa = PBXFileReference; lastKnownFileType = sourcecode.swift; path = lpg_ViewController.swift; sourceTree = "<group>"; };
		D03D002029D8ADA9009ACA5D /* nh3_ViewController.swift */ = {isa = PBXFileReference; lastKnownFileType = sourcecode.swift; path = nh3_ViewController.swift; sourceTree = "<group>"; };
		D03D002229D8ADB9009ACA5D /* co2_ViewController.swift */ = {isa = PBXFileReference; lastKnownFileType = sourcecode.swift; path = co2_ViewController.swift; sourceTree = "<group>"; };
		D03D002429D8ADD1009ACA5D /* o3_ViewController.swift */ = {isa = PBXFileReference; lastKnownFileType = sourcecode.swift; path = o3_ViewController.swift; sourceTree = "<group>"; };
		D03D002629D8AF54009ACA5D /* co_ViewController.swift */ = {isa = PBXFileReference; lastKnownFileType = sourcecode.swift; path = co_ViewController.swift; sourceTree = "<group>"; };
		D0F58D9F2974742200433FC6 /* PlotViewController.swift */ = {isa = PBXFileReference; lastKnownFileType = sourcecode.swift; path = PlotViewController.swift; sourceTree = "<group>"; };
		D0F58DA129747FA700433FC6 /* AllDataViewController.swift */ = {isa = PBXFileReference; lastKnownFileType = sourcecode.swift; path = AllDataViewController.swift; sourceTree = "<group>"; };
		FC3C0EE42805B2C000742F24 /* BLE WPLANT.app */ = {isa = PBXFileReference; explicitFileType = wrapper.application; includeInIndex = 0; path = "BLE WPLANT.app"; sourceTree = BUILT_PRODUCTS_DIR; };
		FC3C0EE72805B2C000742F24 /* AppDelegate.swift */ = {isa = PBXFileReference; lastKnownFileType = sourcecode.swift; path = AppDelegate.swift; sourceTree = "<group>"; };
		FC3C0EE92805B2C000742F24 /* SceneDelegate.swift */ = {isa = PBXFileReference; lastKnownFileType = sourcecode.swift; path = SceneDelegate.swift; sourceTree = "<group>"; };
		FC3C0EEB2805B2C000742F24 /* ViewController.swift */ = {isa = PBXFileReference; lastKnownFileType = sourcecode.swift; path = ViewController.swift; sourceTree = "<group>"; };
		FC3C0EEE2805B2C000742F24 /* Base */ = {isa = PBXFileReference; lastKnownFileType = file.storyboard; name = Base; path = Base.lproj/Main.storyboard; sourceTree = "<group>"; };
		FC3C0EF02805B2C100742F24 /* Assets.xcassets */ = {isa = PBXFileReference; lastKnownFileType = folder.assetcatalog; path = Assets.xcassets; sourceTree = "<group>"; };
		FC3C0EF32805B2C100742F24 /* Base */ = {isa = PBXFileReference; lastKnownFileType = file.storyboard; name = Base; path = Base.lproj/LaunchScreen.storyboard; sourceTree = "<group>"; };
		FC3C0EF52805B2C100742F24 /* Info.plist */ = {isa = PBXFileReference; lastKnownFileType = text.plist.xml; path = Info.plist; sourceTree = "<group>"; };
		FC3C0EFA2805B2C200742F24 /* BLE WPLANTTests.xctest */ = {isa = PBXFileReference; explicitFileType = wrapper.cfbundle; includeInIndex = 0; path = "BLE WPLANTTests.xctest"; sourceTree = BUILT_PRODUCTS_DIR; };
		FC3C0EFE2805B2C200742F24 /* watchpstoryboardTests.swift */ = {isa = PBXFileReference; lastKnownFileType = sourcecode.swift; path = watchpstoryboardTests.swift; sourceTree = "<group>"; };
		FC3C0F042805B2C200742F24 /* BLE WPLANTUITests.xctest */ = {isa = PBXFileReference; explicitFileType = wrapper.cfbundle; includeInIndex = 0; path = "BLE WPLANTUITests.xctest"; sourceTree = BUILT_PRODUCTS_DIR; };
		FC3C0F082805B2C200742F24 /* watchpstoryboardUITests.swift */ = {isa = PBXFileReference; lastKnownFileType = sourcecode.swift; path = watchpstoryboardUITests.swift; sourceTree = "<group>"; };
		FC3C0F0A2805B2C200742F24 /* watchpstoryboardUITestsLaunchTests.swift */ = {isa = PBXFileReference; lastKnownFileType = sourcecode.swift; path = watchpstoryboardUITestsLaunchTests.swift; sourceTree = "<group>"; };
/* End PBXFileReference section */

/* Begin PBXFrameworksBuildPhase section */
		FC3C0EE12805B2C000742F24 /* Frameworks */ = {
			isa = PBXFrameworksBuildPhase;
			buildActionMask = 2147483647;
			files = (
				EFA092D5FC97FCDA34A37C5A /* Pods_BLE_WPLANT.framework in Frameworks */,
			);
			runOnlyForDeploymentPostprocessing = 0;
		};
		FC3C0EF72805B2C200742F24 /* Frameworks */ = {
			isa = PBXFrameworksBuildPhase;
			buildActionMask = 2147483647;
			files = (
				77B3C77ED97EA0DF32C8CB76 /* Pods_BLE_WPLANTTests.framework in Frameworks */,
			);
			runOnlyForDeploymentPostprocessing = 0;
		};
		FC3C0F012805B2C200742F24 /* Frameworks */ = {
			isa = PBXFrameworksBuildPhase;
			buildActionMask = 2147483647;
			files = (
				B3ED719A9732B0CAC9D4948D /* Pods_BLE_WPLANT_BLE_WPLANTUITests.framework in Frameworks */,
			);
			runOnlyForDeploymentPostprocessing = 0;
		};
/* End PBXFrameworksBuildPhase section */

/* Begin PBXGroup section */
		C26E837869BF3F57B7A6FBFF /* Frameworks */ = {
			isa = PBXGroup;
			children = (
				52E6278C260651E6DC885CD3 /* Pods_BLE_WPLANT.framework */,
				3F3ED2655B0DC0FC0F8E3A47 /* Pods_BLE_WPLANT_BLE_WPLANTUITests.framework */,
				290D946E05914FE163B62D89 /* Pods_BLE_WPLANTTests.framework */,
			);
			name = Frameworks;
			sourceTree = "<group>";
		};
		C2741550C24F12E03F40876A /* Pods */ = {
			isa = PBXGroup;
			children = (
				BE483BA50414700AA93ADB83 /* Pods-BLE WPLANT.debug.xcconfig */,
				0674F6C84A31B927D7CC99A4 /* Pods-BLE WPLANT.release.xcconfig */,
				A0EA935906C29441557B2ADE /* Pods-BLE WPLANT-BLE WPLANTUITests.debug.xcconfig */,
				1C743CA240FDBF2CEBA83755 /* Pods-BLE WPLANT-BLE WPLANTUITests.release.xcconfig */,
				CA4C2E8A74B10C838273CBF1 /* Pods-BLE WPLANTTests.debug.xcconfig */,
				85A4A6BF2993C7E8EBF2FC5B /* Pods-BLE WPLANTTests.release.xcconfig */,
			);
			name = Pods;
			path = Pods;
			sourceTree = "<group>";
		};
		FC3C0EDB2805B2C000742F24 = {
			isa = PBXGroup;
			children = (
				FC3C0EE62805B2C000742F24 /* watchpstoryboard */,
				FC3C0EFD2805B2C200742F24 /* watchpstoryboardTests */,
				FC3C0F072805B2C200742F24 /* watchpstoryboardUITests */,
				FC3C0EE52805B2C000742F24 /* Products */,
				C2741550C24F12E03F40876A /* Pods */,
				C26E837869BF3F57B7A6FBFF /* Frameworks */,
			);
			sourceTree = "<group>";
		};
		FC3C0EE52805B2C000742F24 /* Products */ = {
			isa = PBXGroup;
			children = (
				FC3C0EE42805B2C000742F24 /* BLE WPLANT.app */,
				FC3C0EFA2805B2C200742F24 /* BLE WPLANTTests.xctest */,
				FC3C0F042805B2C200742F24 /* BLE WPLANTUITests.xctest */,
			);
			name = Products;
			sourceTree = "<group>";
		};
		FC3C0EE62805B2C000742F24 /* watchpstoryboard */ = {
			isa = PBXGroup;
			children = (
				FC3C0EE72805B2C000742F24 /* AppDelegate.swift */,
				FC3C0EE92805B2C000742F24 /* SceneDelegate.swift */,
				FC3C0EED2805B2C000742F24 /* Main.storyboard */,
				FC3C0EF02805B2C100742F24 /* Assets.xcassets */,
				FC3C0EF22805B2C100742F24 /* LaunchScreen.storyboard */,
				FC3C0EF52805B2C100742F24 /* Info.plist */,
				FC3C0EEB2805B2C000742F24 /* ViewController.swift */,
				D0F58D9F2974742200433FC6 /* PlotViewController.swift */,
				D0F58DA129747FA700433FC6 /* AllDataViewController.swift */,
				D03D000629D0E72F009ACA5D /* CusomTableViewCell.swift */,
				D03D000829D8AA7B009ACA5D /* temperatura_ViewController.swift */,
				D03D000A29D8ABDA009ACA5D /* vlaga_ViewController.swift */,
				D03D000C29D8ABEE009ACA5D /* dim_ViewController.swift */,
				D03D000E29D8ABFF009ACA5D /* osvijetljenje_ViewController.swift */,
				D03D001029D8AC0F009ACA5D /* vlaznost_ViewController.swift */,
				D03D001229D8AC2A009ACA5D /* hoc_ViewController.swift */,
				D03D001429D8AD49009ACA5D /* sumpor_ViewController.swift */,
				D03D001629D8AD55009ACA5D /* tlak_ViewController.swift */,
				D03D001829D8AD68009ACA5D /* benzen_ViewController.swift */,
				D03D001A29D8AD79009ACA5D /* pm25_ViewController.swift */,
				D03D001C29D8AD88009ACA5D /* ch4_ViewController.swift */,
				D03D001E29D8AD9A009ACA5D /* lpg_ViewController.swift */,
				D03D002029D8ADA9009ACA5D /* nh3_ViewController.swift */,
				D03D002229D8ADB9009ACA5D /* co2_ViewController.swift */,
				D03D002429D8ADD1009ACA5D /* o3_ViewController.swift */,
				D03D002629D8AF54009ACA5D /* co_ViewController.swift */,
			);
			path = watchpstoryboard;
			sourceTree = "<group>";
		};
		FC3C0EFD2805B2C200742F24 /* watchpstoryboardTests */ = {
			isa = PBXGroup;
			children = (
				FC3C0EFE2805B2C200742F24 /* watchpstoryboardTests.swift */,
			);
			path = watchpstoryboardTests;
			sourceTree = "<group>";
		};
		FC3C0F072805B2C200742F24 /* watchpstoryboardUITests */ = {
			isa = PBXGroup;
			children = (
				FC3C0F082805B2C200742F24 /* watchpstoryboardUITests.swift */,
				FC3C0F0A2805B2C200742F24 /* watchpstoryboardUITestsLaunchTests.swift */,
			);
			path = watchpstoryboardUITests;
			sourceTree = "<group>";
		};
/* End PBXGroup section */

/* Begin PBXNativeTarget section */
		FC3C0EE32805B2C000742F24 /* BLE WPLANT */ = {
			isa = PBXNativeTarget;
			buildConfigurationList = FC3C0F0E2805B2C200742F24 /* Build configuration list for PBXNativeTarget "BLE WPLANT" */;
			buildPhases = (
				AB2C265CD4DC5C9D6138DF77 /* [CP] Check Pods Manifest.lock */,
				FC3C0EE02805B2C000742F24 /* Sources */,
				FC3C0EE12805B2C000742F24 /* Frameworks */,
				FC3C0EE22805B2C000742F24 /* Resources */,
				C398DF5606679E9121C86C8D /* [CP] Embed Pods Frameworks */,
			);
			buildRules = (
			);
			dependencies = (
			);
			name = "BLE WPLANT";
			productName = watchpstoryboard;
			productReference = FC3C0EE42805B2C000742F24 /* BLE WPLANT.app */;
			productType = "com.apple.product-type.application";
		};
		FC3C0EF92805B2C200742F24 /* BLE WPLANTTests */ = {
			isa = PBXNativeTarget;
			buildConfigurationList = FC3C0F112805B2C200742F24 /* Build configuration list for PBXNativeTarget "BLE WPLANTTests" */;
			buildPhases = (
				0FD79219FCDA8C8B72D879C6 /* [CP] Check Pods Manifest.lock */,
				FC3C0EF62805B2C200742F24 /* Sources */,
				FC3C0EF72805B2C200742F24 /* Frameworks */,
				FC3C0EF82805B2C200742F24 /* Resources */,
			);
			buildRules = (
			);
			dependencies = (
				FC3C0EFC2805B2C200742F24 /* PBXTargetDependency */,
			);
			name = "BLE WPLANTTests";
			productName = watchpstoryboardTests;
			productReference = FC3C0EFA2805B2C200742F24 /* BLE WPLANTTests.xctest */;
			productType = "com.apple.product-type.bundle.unit-test";
		};
		FC3C0F032805B2C200742F24 /* BLE WPLANTUITests */ = {
			isa = PBXNativeTarget;
			buildConfigurationList = FC3C0F142805B2C200742F24 /* Build configuration list for PBXNativeTarget "BLE WPLANTUITests" */;
			buildPhases = (
				902BA3FC105FBE25B033C40F /* [CP] Check Pods Manifest.lock */,
				FC3C0F002805B2C200742F24 /* Sources */,
				FC3C0F012805B2C200742F24 /* Frameworks */,
				FC3C0F022805B2C200742F24 /* Resources */,
				3910A25A9A7E36C4CFACA7E0 /* [CP] Embed Pods Frameworks */,
			);
			buildRules = (
			);
			dependencies = (
				FC3C0F062805B2C200742F24 /* PBXTargetDependency */,
			);
			name = "BLE WPLANTUITests";
			productName = watchpstoryboardUITests;
			productReference = FC3C0F042805B2C200742F24 /* BLE WPLANTUITests.xctest */;
			productType = "com.apple.product-type.bundle.ui-testing";
		};
/* End PBXNativeTarget section */

/* Begin PBXProject section */
		FC3C0EDC2805B2C000742F24 /* Project object */ = {
			isa = PBXProject;
			attributes = {
				BuildIndependentTargetsInParallel = 1;
				LastSwiftUpdateCheck = 1330;
				LastUpgradeCheck = 1330;
				TargetAttributes = {
					FC3C0EE32805B2C000742F24 = {
						CreatedOnToolsVersion = 13.3;
					};
					FC3C0EF92805B2C200742F24 = {
						CreatedOnToolsVersion = 13.3;
						TestTargetID = FC3C0EE32805B2C000742F24;
					};
					FC3C0F032805B2C200742F24 = {
						CreatedOnToolsVersion = 13.3;
						TestTargetID = FC3C0EE32805B2C000742F24;
					};
				};
			};
			buildConfigurationList = FC3C0EDF2805B2C000742F24 /* Build configuration list for PBXProject "BLE WPLANT" */;
			compatibilityVersion = "Xcode 13.0";
			developmentRegion = en;
			hasScannedForEncodings = 0;
			knownRegions = (
				en,
				Base,
			);
			mainGroup = FC3C0EDB2805B2C000742F24;
			productRefGroup = FC3C0EE52805B2C000742F24 /* Products */;
			projectDirPath = "";
			projectRoot = "";
			targets = (
				FC3C0EE32805B2C000742F24 /* BLE WPLANT */,
				FC3C0EF92805B2C200742F24 /* BLE WPLANTTests */,
				FC3C0F032805B2C200742F24 /* BLE WPLANTUITests */,
			);
		};
/* End PBXProject section */

/* Begin PBXResourcesBuildPhase section */
		FC3C0EE22805B2C000742F24 /* Resources */ = {
			isa = PBXResourcesBuildPhase;
			buildActionMask = 2147483647;
			files = (
				FC3C0EF42805B2C100742F24 /* LaunchScreen.storyboard in Resources */,
				FC3C0EF12805B2C100742F24 /* Assets.xcassets in Resources */,
				FC3C0EEF2805B2C000742F24 /* Main.storyboard in Resources */,
			);
			runOnlyForDeploymentPostprocessing = 0;
		};
		FC3C0EF82805B2C200742F24 /* Resources */ = {
			isa = PBXResourcesBuildPhase;
			buildActionMask = 2147483647;
			files = (
			);
			runOnlyForDeploymentPostprocessing = 0;
		};
		FC3C0F022805B2C200742F24 /* Resources */ = {
			isa = PBXResourcesBuildPhase;
			buildActionMask = 2147483647;
			files = (
			);
			runOnlyForDeploymentPostprocessing = 0;
		};
/* End PBXResourcesBuildPhase section */

/* Begin PBXShellScriptBuildPhase section */
		0FD79219FCDA8C8B72D879C6 /* [CP] Check Pods Manifest.lock */ = {
			isa = PBXShellScriptBuildPhase;
			buildActionMask = 2147483647;
			files = (
			);
			inputFileListPaths = (
			);
			inputPaths = (
				"${PODS_PODFILE_DIR_PATH}/Podfile.lock",
				"${PODS_ROOT}/Manifest.lock",
			);
			name = "[CP] Check Pods Manifest.lock";
			outputFileListPaths = (
			);
			outputPaths = (
				"$(DERIVED_FILE_DIR)/Pods-BLE WPLANTTests-checkManifestLockResult.txt",
			);
			runOnlyForDeploymentPostprocessing = 0;
			shellPath = /bin/sh;
			shellScript = "diff \"${PODS_PODFILE_DIR_PATH}/Podfile.lock\" \"${PODS_ROOT}/Manifest.lock\" > /dev/null\nif [ $? != 0 ] ; then\n    # print error to STDERR\n    echo \"error: The sandbox is not in sync with the Podfile.lock. Run 'pod install' or update your CocoaPods installation.\" >&2\n    exit 1\nfi\n# This output is used by Xcode 'outputs' to avoid re-running this script phase.\necho \"SUCCESS\" > \"${SCRIPT_OUTPUT_FILE_0}\"\n";
			showEnvVarsInLog = 0;
		};
		3910A25A9A7E36C4CFACA7E0 /* [CP] Embed Pods Frameworks */ = {
			isa = PBXShellScriptBuildPhase;
			buildActionMask = 2147483647;
			files = (
			);
			inputFileListPaths = (
				"${PODS_ROOT}/Target Support Files/Pods-BLE WPLANT-BLE WPLANTUITests/Pods-BLE WPLANT-BLE WPLANTUITests-frameworks-${CONFIGURATION}-input-files.xcfilelist",
			);
			name = "[CP] Embed Pods Frameworks";
			outputFileListPaths = (
				"${PODS_ROOT}/Target Support Files/Pods-BLE WPLANT-BLE WPLANTUITests/Pods-BLE WPLANT-BLE WPLANTUITests-frameworks-${CONFIGURATION}-output-files.xcfilelist",
			);
			runOnlyForDeploymentPostprocessing = 0;
			shellPath = /bin/sh;
			shellScript = "\"${PODS_ROOT}/Target Support Files/Pods-BLE WPLANT-BLE WPLANTUITests/Pods-BLE WPLANT-BLE WPLANTUITests-frameworks.sh\"\n";
			showEnvVarsInLog = 0;
		};
		902BA3FC105FBE25B033C40F /* [CP] Check Pods Manifest.lock */ = {
			isa = PBXShellScriptBuildPhase;
			buildActionMask = 2147483647;
			files = (
			);
			inputFileListPaths = (
			);
			inputPaths = (
				"${PODS_PODFILE_DIR_PATH}/Podfile.lock",
				"${PODS_ROOT}/Manifest.lock",
			);
			name = "[CP] Check Pods Manifest.lock";
			outputFileListPaths = (
			);
			outputPaths = (
				"$(DERIVED_FILE_DIR)/Pods-BLE WPLANT-BLE WPLANTUITests-checkManifestLockResult.txt",
			);
			runOnlyForDeploymentPostprocessing = 0;
			shellPath = /bin/sh;
			shellScript = "diff \"${PODS_PODFILE_DIR_PATH}/Podfile.lock\" \"${PODS_ROOT}/Manifest.lock\" > /dev/null\nif [ $? != 0 ] ; then\n    # print error to STDERR\n    echo \"error: The sandbox is not in sync with the Podfile.lock. Run 'pod install' or update your CocoaPods installation.\" >&2\n    exit 1\nfi\n# This output is used by Xcode 'outputs' to avoid re-running this script phase.\necho \"SUCCESS\" > \"${SCRIPT_OUTPUT_FILE_0}\"\n";
			showEnvVarsInLog = 0;
		};
		AB2C265CD4DC5C9D6138DF77 /* [CP] Check Pods Manifest.lock */ = {
			isa = PBXShellScriptBuildPhase;
			buildActionMask = 2147483647;
			files = (
			);
			inputFileListPaths = (
			);
			inputPaths = (
				"${PODS_PODFILE_DIR_PATH}/Podfile.lock",
				"${PODS_ROOT}/Manifest.lock",
			);
			name = "[CP] Check Pods Manifest.lock";
			outputFileListPaths = (
			);
			outputPaths = (
				"$(DERIVED_FILE_DIR)/Pods-BLE WPLANT-checkManifestLockResult.txt",
			);
			runOnlyForDeploymentPostprocessing = 0;
			shellPath = /bin/sh;
			shellScript = "diff \"${PODS_PODFILE_DIR_PATH}/Podfile.lock\" \"${PODS_ROOT}/Manifest.lock\" > /dev/null\nif [ $? != 0 ] ; then\n    # print error to STDERR\n    echo \"error: The sandbox is not in sync with the Podfile.lock. Run 'pod install' or update your CocoaPods installation.\" >&2\n    exit 1\nfi\n# This output is used by Xcode 'outputs' to avoid re-running this script phase.\necho \"SUCCESS\" > \"${SCRIPT_OUTPUT_FILE_0}\"\n";
			showEnvVarsInLog = 0;
		};
		C398DF5606679E9121C86C8D /* [CP] Embed Pods Frameworks */ = {
			isa = PBXShellScriptBuildPhase;
			buildActionMask = 2147483647;
			files = (
			);
			inputFileListPaths = (
				"${PODS_ROOT}/Target Support Files/Pods-BLE WPLANT/Pods-BLE WPLANT-frameworks-${CONFIGURATION}-input-files.xcfilelist",
			);
			name = "[CP] Embed Pods Frameworks";
			outputFileListPaths = (
				"${PODS_ROOT}/Target Support Files/Pods-BLE WPLANT/Pods-BLE WPLANT-frameworks-${CONFIGURATION}-output-files.xcfilelist",
			);
			runOnlyForDeploymentPostprocessing = 0;
			shellPath = /bin/sh;
			shellScript = "\"${PODS_ROOT}/Target Support Files/Pods-BLE WPLANT/Pods-BLE WPLANT-frameworks.sh\"\n";
			showEnvVarsInLog = 0;
		};
/* End PBXShellScriptBuildPhase section */

/* Begin PBXSourcesBuildPhase section */
		FC3C0EE02805B2C000742F24 /* Sources */ = {
			isa = PBXSourcesBuildPhase;
			buildActionMask = 2147483647;
			files = (
				D03D002729D8AF54009ACA5D /* co_ViewController.swift in Sources */,
				D03D000929D8AA7B009ACA5D /* temperatura_ViewController.swift in Sources */,
				D03D001129D8AC0F009ACA5D /* vlaznost_ViewController.swift in Sources */,
				D03D000F29D8ABFF009ACA5D /* osvijetljenje_ViewController.swift in Sources */,
				D03D001329D8AC2A009ACA5D /* hoc_ViewController.swift in Sources */,
				D03D001F29D8AD9A009ACA5D /* lpg_ViewController.swift in Sources */,
				D03D002529D8ADD1009ACA5D /* o3_ViewController.swift in Sources */,
				D03D002329D8ADB9009ACA5D /* co2_ViewController.swift in Sources */,
				D03D001729D8AD55009ACA5D /* tlak_ViewController.swift in Sources */,
				D0F58DA02974742200433FC6 /* PlotViewController.swift in Sources */,
				D03D001B29D8AD79009ACA5D /* pm25_ViewController.swift in Sources */,
				D03D001D29D8AD88009ACA5D /* ch4_ViewController.swift in Sources */,
				D03D000729D0E72F009ACA5D /* CusomTableViewCell.swift in Sources */,
				FC3C0EEC2805B2C000742F24 /* ViewController.swift in Sources */,
				FC3C0EE82805B2C000742F24 /* AppDelegate.swift in Sources */,
				D03D001529D8AD49009ACA5D /* sumpor_ViewController.swift in Sources */,
				D03D001929D8AD68009ACA5D /* benzen_ViewController.swift in Sources */,
				FC3C0EEA2805B2C000742F24 /* SceneDelegate.swift in Sources */,
				D03D000D29D8ABEE009ACA5D /* dim_ViewController.swift in Sources */,
				D03D002129D8ADA9009ACA5D /* nh3_ViewController.swift in Sources */,
				D03D000B29D8ABDA009ACA5D /* vlaga_ViewController.swift in Sources */,
				D0F58DA229747FA700433FC6 /* AllDataViewController.swift in Sources */,
			);
			runOnlyForDeploymentPostprocessing = 0;
		};
		FC3C0EF62805B2C200742F24 /* Sources */ = {
			isa = PBXSourcesBuildPhase;
			buildActionMask = 2147483647;
			files = (
				FC3C0EFF2805B2C200742F24 /* watchpstoryboardTests.swift in Sources */,
			);
			runOnlyForDeploymentPostprocessing = 0;
		};
		FC3C0F002805B2C200742F24 /* Sources */ = {
			isa = PBXSourcesBuildPhase;
			buildActionMask = 2147483647;
			files = (
				FC3C0F0B2805B2C200742F24 /* watchpstoryboardUITestsLaunchTests.swift in Sources */,
				FC3C0F092805B2C200742F24 /* watchpstoryboardUITests.swift in Sources */,
			);
			runOnlyForDeploymentPostprocessing = 0;
		};
/* End PBXSourcesBuildPhase section */

/* Begin PBXTargetDependency section */
		FC3C0EFC2805B2C200742F24 /* PBXTargetDependency */ = {
			isa = PBXTargetDependency;
			target = FC3C0EE32805B2C000742F24 /* BLE WPLANT */;
			targetProxy = FC3C0EFB2805B2C200742F24 /* PBXContainerItemProxy */;
		};
		FC3C0F062805B2C200742F24 /* PBXTargetDependency */ = {
			isa = PBXTargetDependency;
			target = FC3C0EE32805B2C000742F24 /* BLE WPLANT */;
			targetProxy = FC3C0F052805B2C200742F24 /* PBXContainerItemProxy */;
		};
/* End PBXTargetDependency section */

/* Begin PBXVariantGroup section */
		FC3C0EED2805B2C000742F24 /* Main.storyboard */ = {
			isa = PBXVariantGroup;
			children = (
				FC3C0EEE2805B2C000742F24 /* Base */,
			);
			name = Main.storyboard;
			sourceTree = "<group>";
		};
		FC3C0EF22805B2C100742F24 /* LaunchScreen.storyboard */ = {
			isa = PBXVariantGroup;
			children = (
				FC3C0EF32805B2C100742F24 /* Base */,
			);
			name = LaunchScreen.storyboard;
			sourceTree = "<group>";
		};
/* End PBXVariantGroup section */

/* Begin XCBuildConfiguration section */
		FC3C0F0C2805B2C200742F24 /* Debug */ = {
			isa = XCBuildConfiguration;
			buildSettings = {
				ALWAYS_SEARCH_USER_PATHS = NO;
				CLANG_ANALYZER_NONNULL = YES;
				CLANG_ANALYZER_NUMBER_OBJECT_CONVERSION = YES_AGGRESSIVE;
				CLANG_CXX_LANGUAGE_STANDARD = "gnu++17";
				CLANG_ENABLE_MODULES = YES;
				CLANG_ENABLE_OBJC_ARC = YES;
				CLANG_ENABLE_OBJC_WEAK = YES;
				CLANG_WARN_BLOCK_CAPTURE_AUTORELEASING = YES;
				CLANG_WARN_BOOL_CONVERSION = YES;
				CLANG_WARN_COMMA = YES;
				CLANG_WARN_CONSTANT_CONVERSION = YES;
				CLANG_WARN_DEPRECATED_OBJC_IMPLEMENTATIONS = YES;
				CLANG_WARN_DIRECT_OBJC_ISA_USAGE = YES_ERROR;
				CLANG_WARN_DOCUMENTATION_COMMENTS = YES;
				CLANG_WARN_EMPTY_BODY = YES;
				CLANG_WARN_ENUM_CONVERSION = YES;
				CLANG_WARN_INFINITE_RECURSION = YES;
				CLANG_WARN_INT_CONVERSION = YES;
				CLANG_WARN_NON_LITERAL_NULL_CONVERSION = YES;
				CLANG_WARN_OBJC_IMPLICIT_RETAIN_SELF = YES;
				CLANG_WARN_OBJC_LITERAL_CONVERSION = YES;
				CLANG_WARN_OBJC_ROOT_CLASS = YES_ERROR;
				CLANG_WARN_QUOTED_INCLUDE_IN_FRAMEWORK_HEADER = YES;
				CLANG_WARN_RANGE_LOOP_ANALYSIS = YES;
				CLANG_WARN_STRICT_PROTOTYPES = YES;
				CLANG_WARN_SUSPICIOUS_MOVE = YES;
				CLANG_WARN_UNGUARDED_AVAILABILITY = YES_AGGRESSIVE;
				CLANG_WARN_UNREACHABLE_CODE = YES;
				CLANG_WARN__DUPLICATE_METHOD_MATCH = YES;
				COPY_PHASE_STRIP = NO;
				DEBUG_INFORMATION_FORMAT = dwarf;
				ENABLE_STRICT_OBJC_MSGSEND = YES;
				ENABLE_TESTABILITY = YES;
				GCC_C_LANGUAGE_STANDARD = gnu11;
				GCC_DYNAMIC_NO_PIC = NO;
				GCC_NO_COMMON_BLOCKS = YES;
				GCC_OPTIMIZATION_LEVEL = 0;
				GCC_PREPROCESSOR_DEFINITIONS = (
					"DEBUG=1",
					"$(inherited)",
				);
				GCC_WARN_64_TO_32_BIT_CONVERSION = YES;
				GCC_WARN_ABOUT_RETURN_TYPE = YES_ERROR;
				GCC_WARN_UNDECLARED_SELECTOR = YES;
				GCC_WARN_UNINITIALIZED_AUTOS = YES_AGGRESSIVE;
				GCC_WARN_UNUSED_FUNCTION = YES;
				GCC_WARN_UNUSED_VARIABLE = YES;
				IPHONEOS_DEPLOYMENT_TARGET = 15.0;
				MTL_ENABLE_DEBUG_INFO = INCLUDE_SOURCE;
				MTL_FAST_MATH = YES;
				ONLY_ACTIVE_ARCH = YES;
				SDKROOT = iphoneos;
				SWIFT_ACTIVE_COMPILATION_CONDITIONS = DEBUG;
				SWIFT_OPTIMIZATION_LEVEL = "-Onone";
			};
			name = Debug;
		};
		FC3C0F0D2805B2C200742F24 /* Release */ = {
			isa = XCBuildConfiguration;
			buildSettings = {
				ALWAYS_SEARCH_USER_PATHS = NO;
				CLANG_ANALYZER_NONNULL = YES;
				CLANG_ANALYZER_NUMBER_OBJECT_CONVERSION = YES_AGGRESSIVE;
				CLANG_CXX_LANGUAGE_STANDARD = "gnu++17";
				CLANG_ENABLE_MODULES = YES;
				CLANG_ENABLE_OBJC_ARC = YES;
				CLANG_ENABLE_OBJC_WEAK = YES;
				CLANG_WARN_BLOCK_CAPTURE_AUTORELEASING = YES;
				CLANG_WARN_BOOL_CONVERSION = YES;
				CLANG_WARN_COMMA = YES;
				CLANG_WARN_CONSTANT_CONVERSION = YES;
				CLANG_WARN_DEPRECATED_OBJC_IMPLEMENTATIONS = YES;
				CLANG_WARN_DIRECT_OBJC_ISA_USAGE = YES_ERROR;
				CLANG_WARN_DOCUMENTATION_COMMENTS = YES;
				CLANG_WARN_EMPTY_BODY = YES;
				CLANG_WARN_ENUM_CONVERSION = YES;
				CLANG_WARN_INFINITE_RECURSION = YES;
				CLANG_WARN_INT_CONVERSION = YES;
				CLANG_WARN_NON_LITERAL_NULL_CONVERSION = YES;
				CLANG_WARN_OBJC_IMPLICIT_RETAIN_SELF = YES;
				CLANG_WARN_OBJC_LITERAL_CONVERSION = YES;
				CLANG_WARN_OBJC_ROOT_CLASS = YES_ERROR;
				CLANG_WARN_QUOTED_INCLUDE_IN_FRAMEWORK_HEADER = YES;
				CLANG_WARN_RANGE_LOOP_ANALYSIS = YES;
				CLANG_WARN_STRICT_PROTOTYPES = YES;
				CLANG_WARN_SUSPICIOUS_MOVE = YES;
				CLANG_WARN_UNGUARDED_AVAILABILITY = YES_AGGRESSIVE;
				CLANG_WARN_UNREACHABLE_CODE = YES;
				CLANG_WARN__DUPLICATE_METHOD_MATCH = YES;
				COPY_PHASE_STRIP = NO;
				DEBUG_INFORMATION_FORMAT = "dwarf-with-dsym";
				ENABLE_NS_ASSERTIONS = NO;
				ENABLE_STRICT_OBJC_MSGSEND = YES;
				GCC_C_LANGUAGE_STANDARD = gnu11;
				GCC_NO_COMMON_BLOCKS = YES;
				GCC_WARN_64_TO_32_BIT_CONVERSION = YES;
				GCC_WARN_ABOUT_RETURN_TYPE = YES_ERROR;
				GCC_WARN_UNDECLARED_SELECTOR = YES;
				GCC_WARN_UNINITIALIZED_AUTOS = YES_AGGRESSIVE;
				GCC_WARN_UNUSED_FUNCTION = YES;
				GCC_WARN_UNUSED_VARIABLE = YES;
				IPHONEOS_DEPLOYMENT_TARGET = 15.0;
				MTL_ENABLE_DEBUG_INFO = NO;
				MTL_FAST_MATH = YES;
				SDKROOT = iphoneos;
				SWIFT_COMPILATION_MODE = wholemodule;
				SWIFT_OPTIMIZATION_LEVEL = "-O";
				VALIDATE_PRODUCT = YES;
			};
			name = Release;
		};
		FC3C0F0F2805B2C200742F24 /* Debug */ = {
			isa = XCBuildConfiguration;
			baseConfigurationReference = BE483BA50414700AA93ADB83 /* Pods-BLE WPLANT.debug.xcconfig */;
			buildSettings = {
				ASSETCATALOG_COMPILER_APPICON_NAME = AppIcon;
				ASSETCATALOG_COMPILER_GLOBAL_ACCENT_COLOR_NAME = AccentColor;
				CODE_SIGN_STYLE = Automatic;
				CURRENT_PROJECT_VERSION = 1;
				DEVELOPMENT_TEAM = W577VJ22X8;
				GENERATE_INFOPLIST_FILE = YES;
				INFOPLIST_FILE = watchpstoryboard/Info.plist;
				INFOPLIST_KEY_UIApplicationSupportsIndirectInputEvents = YES;
				INFOPLIST_KEY_UILaunchStoryboardName = LaunchScreen;
				INFOPLIST_KEY_UIMainStoryboardFile = Main;
				INFOPLIST_KEY_UISupportedInterfaceOrientations_iPad = "UIInterfaceOrientationPortrait UIInterfaceOrientationPortraitUpsideDown UIInterfaceOrientationLandscapeLeft UIInterfaceOrientationLandscapeRight";
				INFOPLIST_KEY_UISupportedInterfaceOrientations_iPhone = "UIInterfaceOrientationPortrait UIInterfaceOrientationLandscapeLeft UIInterfaceOrientationLandscapeRight";
				LD_RUNPATH_SEARCH_PATHS = (
					"$(inherited)",
					"@executable_path/Frameworks",
				);
				MARKETING_VERSION = 1.0;
				PRODUCT_BUNDLE_IDENTIFIER = watchplantnative.watchpstoryboard;
				PRODUCT_NAME = "$(TARGET_NAME)";
				SWIFT_EMIT_LOC_STRINGS = YES;
				SWIFT_VERSION = 5.0;
				TARGETED_DEVICE_FAMILY = "1,2";
			};
			name = Debug;
		};
		FC3C0F102805B2C200742F24 /* Release */ = {
			isa = XCBuildConfiguration;
			baseConfigurationReference = 0674F6C84A31B927D7CC99A4 /* Pods-BLE WPLANT.release.xcconfig */;
			buildSettings = {
				ASSETCATALOG_COMPILER_APPICON_NAME = AppIcon;
				ASSETCATALOG_COMPILER_GLOBAL_ACCENT_COLOR_NAME = AccentColor;
				CODE_SIGN_STYLE = Automatic;
				CURRENT_PROJECT_VERSION = 1;
				DEVELOPMENT_TEAM = W577VJ22X8;
				GENERATE_INFOPLIST_FILE = YES;
				INFOPLIST_FILE = watchpstoryboard/Info.plist;
				INFOPLIST_KEY_UIApplicationSupportsIndirectInputEvents = YES;
				INFOPLIST_KEY_UILaunchStoryboardName = LaunchScreen;
				INFOPLIST_KEY_UIMainStoryboardFile = Main;
				INFOPLIST_KEY_UISupportedInterfaceOrientations_iPad = "UIInterfaceOrientationPortrait UIInterfaceOrientationPortraitUpsideDown UIInterfaceOrientationLandscapeLeft UIInterfaceOrientationLandscapeRight";
				INFOPLIST_KEY_UISupportedInterfaceOrientations_iPhone = "UIInterfaceOrientationPortrait UIInterfaceOrientationLandscapeLeft UIInterfaceOrientationLandscapeRight";
				LD_RUNPATH_SEARCH_PATHS = (
					"$(inherited)",
					"@executable_path/Frameworks",
				);
				MARKETING_VERSION = 1.0;
				PRODUCT_BUNDLE_IDENTIFIER = watchplantnative.watchpstoryboard;
				PRODUCT_NAME = "$(TARGET_NAME)";
				SWIFT_EMIT_LOC_STRINGS = YES;
				SWIFT_VERSION = 5.0;
				TARGETED_DEVICE_FAMILY = "1,2";
			};
			name = Release;
		};
		FC3C0F122805B2C200742F24 /* Debug */ = {
			isa = XCBuildConfiguration;
			baseConfigurationReference = CA4C2E8A74B10C838273CBF1 /* Pods-BLE WPLANTTests.debug.xcconfig */;
			buildSettings = {
				ALWAYS_EMBED_SWIFT_STANDARD_LIBRARIES = YES;
				BUNDLE_LOADER = "$(TEST_HOST)";
				CODE_SIGN_STYLE = Automatic;
				CURRENT_PROJECT_VERSION = 1;
				DEVELOPMENT_TEAM = W577VJ22X8;
				GENERATE_INFOPLIST_FILE = YES;
				IPHONEOS_DEPLOYMENT_TARGET = 15.4;
				MARKETING_VERSION = 1.0;
				PRODUCT_BUNDLE_IDENTIFIER = watchplantnative.watchpstoryboardTests;
				PRODUCT_NAME = "$(TARGET_NAME)";
				SWIFT_EMIT_LOC_STRINGS = NO;
				SWIFT_VERSION = 5.0;
				TARGETED_DEVICE_FAMILY = "1,2";
				TEST_HOST = "$(BUILT_PRODUCTS_DIR)/BLE WPLANT.app/BLE WPLANT";
			};
			name = Debug;
		};
		FC3C0F132805B2C200742F24 /* Release */ = {
			isa = XCBuildConfiguration;
			baseConfigurationReference = 85A4A6BF2993C7E8EBF2FC5B /* Pods-BLE WPLANTTests.release.xcconfig */;
			buildSettings = {
				ALWAYS_EMBED_SWIFT_STANDARD_LIBRARIES = YES;
				BUNDLE_LOADER = "$(TEST_HOST)";
				CODE_SIGN_STYLE = Automatic;
				CURRENT_PROJECT_VERSION = 1;
				DEVELOPMENT_TEAM = W577VJ22X8;
				GENERATE_INFOPLIST_FILE = YES;
				IPHONEOS_DEPLOYMENT_TARGET = 15.4;
				MARKETING_VERSION = 1.0;
				PRODUCT_BUNDLE_IDENTIFIER = watchplantnative.watchpstoryboardTests;
				PRODUCT_NAME = "$(TARGET_NAME)";
				SWIFT_EMIT_LOC_STRINGS = NO;
				SWIFT_VERSION = 5.0;
				TARGETED_DEVICE_FAMILY = "1,2";
				TEST_HOST = "$(BUILT_PRODUCTS_DIR)/BLE WPLANT.app/BLE WPLANT";
			};
			name = Release;
		};
		FC3C0F152805B2C200742F24 /* Debug */ = {
			isa = XCBuildConfiguration;
			baseConfigurationReference = A0EA935906C29441557B2ADE /* Pods-BLE WPLANT-BLE WPLANTUITests.debug.xcconfig */;
			buildSettings = {
				ALWAYS_EMBED_SWIFT_STANDARD_LIBRARIES = YES;
				CODE_SIGN_STYLE = Automatic;
				CURRENT_PROJECT_VERSION = 1;
				DEVELOPMENT_TEAM = W577VJ22X8;
				GENERATE_INFOPLIST_FILE = YES;
				MARKETING_VERSION = 1.0;
				PRODUCT_BUNDLE_IDENTIFIER = watchplantnative.watchpstoryboardUITests;
				PRODUCT_NAME = "$(TARGET_NAME)";
				SWIFT_EMIT_LOC_STRINGS = NO;
				SWIFT_VERSION = 5.0;
				TARGETED_DEVICE_FAMILY = "1,2";
				TEST_TARGET_NAME = watchpstoryboard;
			};
			name = Debug;
		};
		FC3C0F162805B2C200742F24 /* Release */ = {
			isa = XCBuildConfiguration;
			baseConfigurationReference = 1C743CA240FDBF2CEBA83755 /* Pods-BLE WPLANT-BLE WPLANTUITests.release.xcconfig */;
			buildSettings = {
				ALWAYS_EMBED_SWIFT_STANDARD_LIBRARIES = YES;
				CODE_SIGN_STYLE = Automatic;
				CURRENT_PROJECT_VERSION = 1;
				DEVELOPMENT_TEAM = W577VJ22X8;
				GENERATE_INFOPLIST_FILE = YES;
				MARKETING_VERSION = 1.0;
				PRODUCT_BUNDLE_IDENTIFIER = watchplantnative.watchpstoryboardUITests;
				PRODUCT_NAME = "$(TARGET_NAME)";
				SWIFT_EMIT_LOC_STRINGS = NO;
				SWIFT_VERSION = 5.0;
				TARGETED_DEVICE_FAMILY = "1,2";
				TEST_TARGET_NAME = watchpstoryboard;
			};
			name = Release;
		};
/* End XCBuildConfiguration section */

/* Begin XCConfigurationList section */
		FC3C0EDF2805B2C000742F24 /* Build configuration list for PBXProject "BLE WPLANT" */ = {
			isa = XCConfigurationList;
			buildConfigurations = (
				FC3C0F0C2805B2C200742F24 /* Debug */,
				FC3C0F0D2805B2C200742F24 /* Release */,
			);
			defaultConfigurationIsVisible = 0;
			defaultConfigurationName = Release;
		};
		FC3C0F0E2805B2C200742F24 /* Build configuration list for PBXNativeTarget "BLE WPLANT" */ = {
			isa = XCConfigurationList;
			buildConfigurations = (
				FC3C0F0F2805B2C200742F24 /* Debug */,
				FC3C0F102805B2C200742F24 /* Release */,
			);
			defaultConfigurationIsVisible = 0;
			defaultConfigurationName = Release;
		};
		FC3C0F112805B2C200742F24 /* Build configuration list for PBXNativeTarget "BLE WPLANTTests" */ = {
			isa = XCConfigurationList;
			buildConfigurations = (
				FC3C0F122805B2C200742F24 /* Debug */,
				FC3C0F132805B2C200742F24 /* Release */,
			);
			defaultConfigurationIsVisible = 0;
			defaultConfigurationName = Release;
		};
		FC3C0F142805B2C200742F24 /* Build configuration list for PBXNativeTarget "BLE WPLANTUITests" */ = {
			isa = XCConfigurationList;
			buildConfigurations = (
				FC3C0F152805B2C200742F24 /* Debug */,
				FC3C0F162805B2C200742F24 /* Release */,
			);
			defaultConfigurationIsVisible = 0;
			defaultConfigurationName = Release;
		};
/* End XCConfigurationList section */
	};
	rootObject = FC3C0EDC2805B2C000742F24 /* Project object */;
}
